
Microsoft Visual Studio Solution File, Format Version 12.00
# Visual Studio Version 17
VisualStudioVersion = 17.8.34330.188
MinimumVisualStudioVersion = 10.0.40219.1
Project("{FAE04EC0-301F-11D3-BF4B-00C04F79EFBC}") = "LINQexampleV3", "LINQexampleV3\LINQexampleV3.csproj", "{980F940C-483A-4852-AFA7-A1A4E3B2D712}"
EndProject
Global
	GlobalSection(SolutionConfigurationPlatforms) = preSolution
		Debug|Any CPU = Debug|Any CPU
		Release|Any CPU = Release|Any CPU
	EndGlobalSection
	GlobalSection(ProjectConfigurationPlatforms) = postSolution
		{980F940C-483A-4852-AFA7-A1A4E3B2D712}.Debug|Any CPU.ActiveCfg = Debug|Any CPU
		{980F940C-483A-4852-AFA7-A1A4E3B2D712}.Debug|Any CPU.Build.0 = Debug|Any CPU
		{980F940C-483A-4852-AFA7-A1A4E3B2D712}.Release|Any CPU.ActiveCfg = Release|Any CPU
		{980F940C-483A-4852-AFA7-A1A4E3B2D712}.Release|Any CPU.Build.0 = Release|Any CPU
	EndGlobalSection
	GlobalSection(SolutionProperties) = preSolution
		HideSolutionNode = FALSE
	EndGlobalSection
	GlobalSection(ExtensibilityGlobals) = postSolution
		SolutionGuid = {2B2A81A1-6E81-4C2D-9404-A3D9596F8F35}
	EndGlobalSection
EndGlobal
